// !$*UTF8*$!
{
	archiveVersion = 1;
	classes = {
	};
	objectVersion = 63;
	objects = {

/* Begin PBXBuildFile section */
		09B5F413C233D0F110C48072 /* SearchView.swift in Sources */ = {isa = PBXBuildFile; fileRef = ECEA5105668982AD0021041F /* SearchView.swift */; };
		0FB47691410BFA732D132352 /* WebKit.framework in Frameworks */ = {isa = PBXBuildFile; fileRef = 1B3B8F080E9AF4E269AEC3DA /* WebKit.framework */; };
		142A89C22F58E5FF008652D9 /* PlayerPresenter.swift in Sources */ = {isa = PBXBuildFile; fileRef = 142A89C12F58E5FD008652D9 /* PlayerPresenter.swift */; };
		142A89C32F58E5FF008652D9 /* PlayerPresenter.swift in Sources */ = {isa = PBXBuildFile; fileRef = 142A89C12F58E5FD008652D9 /* PlayerPresenter.swift */; };
		142A89C52F58E805008652D9 /* ViewTracker.swift in Sources */ = {isa = PBXBuildFile; fileRef = 142A89C42F58E804008652D9 /* ViewTracker.swift */; };
		142A89C62F58E805008652D9 /* ViewTracker.swift in Sources */ = {isa = PBXBuildFile; fileRef = 142A89C42F58E804008652D9 /* ViewTracker.swift */; };
		1449CB46B17A410B7616549A /* ModuleDefinition.swift in Sources */ = {isa = PBXBuildFile; fileRef = EA29B2619FC97EF54B854F95 /* ModuleDefinition.swift */; };
		146793D866B95C4614279637 /* AnimeCardView.swift in Sources */ = {isa = PBXBuildFile; fileRef = D63F1849AA2515C53BE08A22 /* AnimeCardView.swift */; };
		14D95DE7E0629E2595DDD83C /* JSEngine+Search.swift in Sources */ = {isa = PBXBuildFile; fileRef = A60FE2CBD595A40B9E50E4D1 /* JSEngine+Search.swift */; };
		19E7B08A32AAA6CC5F5A91B7 /* SearchViewModel.swift in Sources */ = {isa = PBXBuildFile; fileRef = BCAB52C5F226579CA37CC9E5 /* SearchViewModel.swift */; };
		1C2F1DA4C30DB8F46405C768 /* WatchHistoryService.swift in Sources */ = {isa = PBXBuildFile; fileRef = 6DDFD568A3E8F21EA674244C /* WatchHistoryService.swift */; };
		1E7F1EA26D78D5F7FDF3B6DD /* JSEngine+Streams.swift in Sources */ = {isa = PBXBuildFile; fileRef = 51053A55A3C1D2682EB7719D /* JSEngine+Streams.swift */; };
		222F85E214054D8A05316CF9 /* JSEngine.swift in Sources */ = {isa = PBXBuildFile; fileRef = DCADDEA3748C5AE8D3C1A3CD /* JSEngine.swift */; };
		25718B355004C8AD7E4A215E /* AniListService.swift in Sources */ = {isa = PBXBuildFile; fileRef = DB3FBB9F1A9B237743F4808C /* AniListService.swift */; };
		25CE71961C1EBBEE80BEDB25 /* StreamResult.swift in Sources */ = {isa = PBXBuildFile; fileRef = B6B720E10D4EE0F2136F17C3 /* StreamResult.swift */; };
		2655381CCFCFAC0158241F3C /* ModuleListView.swift in Sources */ = {isa = PBXBuildFile; fileRef = 330313A7F7AB1EF362097130 /* ModuleListView.swift */; };
		2994A7DB305F2731C61A4517 /* JSEngine.swift in Sources */ = {isa = PBXBuildFile; fileRef = DCADDEA3748C5AE8D3C1A3CD /* JSEngine.swift */; };
		2A4F95AA748C6FBA4F0588B4 /* HomeView.swift in Sources */ = {isa = PBXBuildFile; fileRef = F6221F81B7112850281B7187 /* HomeView.swift */; };
		2C08AFC8C016FE747B190007 /* HomeView.swift in Sources */ = {isa = PBXBuildFile; fileRef = F6221F81B7112850281B7187 /* HomeView.swift */; };
		2FFDB0F7AE21B9B527B83D18 /* ShiroxApp.swift in Sources */ = {isa = PBXBuildFile; fileRef = 4BE8F22DF8EF4BBAC15BAB79 /* ShiroxApp.swift */; };
		314FD577C195D0A4F21EE78C /* JSEngine+Details.swift in Sources */ = {isa = PBXBuildFile; fileRef = 3ECAACC04670C75AE2C8303A /* JSEngine+Details.swift */; };
		3A42CE0D50F5B4711F556C97 /* ShiroxApp.swift in Sources */ = {isa = PBXBuildFile; fileRef = 4BE8F22DF8EF4BBAC15BAB79 /* ShiroxApp.swift */; };
		3FC9AA112431E36A46BF336D /* PlayerView.swift in Sources */ = {isa = PBXBuildFile; fileRef = E06843969693AE9C1AEB7FAD /* PlayerView.swift */; };
		40CA15D522C1854DE2EA9AD0 /* DetailViewModel.swift in Sources */ = {isa = PBXBuildFile; fileRef = BECC2087556541BAE47BDA6B /* DetailViewModel.swift */; };
		419A25AE550EADF6C60CAD54 /* AniListService.swift in Sources */ = {isa = PBXBuildFile; fileRef = DB3FBB9F1A9B237743F4808C /* AniListService.swift */; };
		42F7F6A06C1039A0472932B8 /* JavaScriptCore.framework in Frameworks */ = {isa = PBXBuildFile; fileRef = AE72458EFA629F4C7C996AA9 /* JavaScriptCore.framework */; };
		4493DEED2FF59CD2305E8C24 /* MediaDetail.swift in Sources */ = {isa = PBXBuildFile; fileRef = F8CB72824DE1085225EDAB47 /* MediaDetail.swift */; };
		517F61497474FDEB8E08BE5F /* SettingsView.swift in Sources */ = {isa = PBXBuildFile; fileRef = FD942143248855B7D74F9E0C /* SettingsView.swift */; };
		55F0A40B8288754294E38A3C /* MediaDetail.swift in Sources */ = {isa = PBXBuildFile; fileRef = F8CB72824DE1085225EDAB47 /* MediaDetail.swift */; };
		560ADBEE0B8BD13AFAA90C87 /* DetailView.swift in Sources */ = {isa = PBXBuildFile; fileRef = B371AE47E8FD36A0C11174AC /* DetailView.swift */; };
		57EC018A87A2DE22C33C68D7 /* DetailView.swift in Sources */ = {isa = PBXBuildFile; fileRef = B371AE47E8FD36A0C11174AC /* DetailView.swift */; };
		5E26E175DA01C9A81ADEDDCB /* StreamPickerView.swift in Sources */ = {isa = PBXBuildFile; fileRef = 520D2B9F954BF05330758E81 /* StreamPickerView.swift */; };
		612C76CB315699C454ADD9D2 /* SearchViewModel.swift in Sources */ = {isa = PBXBuildFile; fileRef = BCAB52C5F226579CA37CC9E5 /* SearchViewModel.swift */; };
		6575523DFDCACFBDAC885524 /* ModuleJSRunner.swift in Sources */ = {isa = PBXBuildFile; fileRef = 2B9D9A88BECF75FEF1BA4E1D /* ModuleJSRunner.swift */; };
		67F0294BF90E22B5A4159858 /* JSEngine+Search.swift in Sources */ = {isa = PBXBuildFile; fileRef = A60FE2CBD595A40B9E50E4D1 /* JSEngine+Search.swift */; };
		6C75440BE5D5D05958C787F3 /* AnimeCardView.swift in Sources */ = {isa = PBXBuildFile; fileRef = D63F1849AA2515C53BE08A22 /* AnimeCardView.swift */; };
		72D5458BF7DD94A53658F64C /* ModuleManager.swift in Sources */ = {isa = PBXBuildFile; fileRef = FA54E15EA936A28D42B73886 /* ModuleManager.swift */; };
		73B80E5040D0A922F30FB7A3 /* AniListDetailView.swift in Sources */ = {isa = PBXBuildFile; fileRef = AB7865FCF14B6C0E49BCD85B /* AniListDetailView.swift */; };
		74CB23F311172ABF289DF6C9 /* AniListMedia.swift in Sources */ = {isa = PBXBuildFile; fileRef = 5C20E69AFCB9F0507E969ECF /* AniListMedia.swift */; };
		774768138A152205B09117E5 /* HomeViewModel.swift in Sources */ = {isa = PBXBuildFile; fileRef = 8DB2ACC14C82E1EC1E47DC2E /* HomeViewModel.swift */; };
		7C3F1DFEF54BF11BDDA8626B /* JavaScriptCore.framework in Frameworks */ = {isa = PBXBuildFile; fileRef = AE72458EFA629F4C7C996AA9 /* JavaScriptCore.framework */; };
		7E512B73EA8CD52B6DFA09E5 /* SearchItem.swift in Sources */ = {isa = PBXBuildFile; fileRef = 1AAE3976E02954E212D46BD4 /* SearchItem.swift */; };
		8A891D06446859BCA18DE02D /* DetailViewModel.swift in Sources */ = {isa = PBXBuildFile; fileRef = BECC2087556541BAE47BDA6B /* DetailViewModel.swift */; };
		8E5003841CB34482F512397F /* AniListDetailView.swift in Sources */ = {isa = PBXBuildFile; fileRef = AB7865FCF14B6C0E49BCD85B /* AniListDetailView.swift */; };
		959D35AAA4791E5B4B9DB7D3 /* ModuleManager.swift in Sources */ = {isa = PBXBuildFile; fileRef = FA54E15EA936A28D42B73886 /* ModuleManager.swift */; };
		960B593459A5612AC1C6F74F /* PlayerView.swift in Sources */ = {isa = PBXBuildFile; fileRef = E06843969693AE9C1AEB7FAD /* PlayerView.swift */; };
		96B679F7105E86678D0C9EBB /* ModuleDefinition.swift in Sources */ = {isa = PBXBuildFile; fileRef = EA29B2619FC97EF54B854F95 /* ModuleDefinition.swift */; };
		98852BFD78A83988AFF68779 /* EpisodeRowView.swift in Sources */ = {isa = PBXBuildFile; fileRef = DAD914ABCC5C7C316F115FB6 /* EpisodeRowView.swift */; };
		98E4E3D464F1A4DE50AC481A /* AniListMedia.swift in Sources */ = {isa = PBXBuildFile; fileRef = 5C20E69AFCB9F0507E969ECF /* AniListMedia.swift */; };
		A1E602432C0FC58B8153A293 /* EpisodeRowView.swift in Sources */ = {isa = PBXBuildFile; fileRef = DAD914ABCC5C7C316F115FB6 /* EpisodeRowView.swift */; };
		AB025E2E3D6CA162A38BD43F /* ModuleStreamPickerView.swift in Sources */ = {isa = PBXBuildFile; fileRef = 11D0E50598C525B8540DE986 /* ModuleStreamPickerView.swift */; };
		AD77ACB8F3145563F32E6E40 /* ModuleStreamPickerView.swift in Sources */ = {isa = PBXBuildFile; fileRef = 11D0E50598C525B8540DE986 /* ModuleStreamPickerView.swift */; };
		AFD909B8E23B2E6F048F0869 /* SettingsView.swift in Sources */ = {isa = PBXBuildFile; fileRef = FD942143248855B7D74F9E0C /* SettingsView.swift */; };
		B28F4CA7C301FB3448693046 /* ModuleJSRunner.swift in Sources */ = {isa = PBXBuildFile; fileRef = 2B9D9A88BECF75FEF1BA4E1D /* ModuleJSRunner.swift */; };
		B85FDAB9BAB5CFDC3F324ACD /* EpisodeLink.swift in Sources */ = {isa = PBXBuildFile; fileRef = 1F30DA63DC7CE67CF8EB5D8A /* EpisodeLink.swift */; };
		B99023D82F7EC2073FD1C7F7 /* NetworkFetch.swift in Sources */ = {isa = PBXBuildFile; fileRef = 5E45F91C732C2601421713C8 /* NetworkFetch.swift */; };
		C513DCB66EC4AFC34A15DC7A /* AniListDetailViewModel.swift in Sources */ = {isa = PBXBuildFile; fileRef = E2B92A34FBA9ACC730D8F6D9 /* AniListDetailViewModel.swift */; };
		CA620998EF1BCA1D9C95B49D /* AniListDetailViewModel.swift in Sources */ = {isa = PBXBuildFile; fileRef = E2B92A34FBA9ACC730D8F6D9 /* AniListDetailViewModel.swift */; };
		CC14EF9C84C3E8BE5456C77D /* SearchItem.swift in Sources */ = {isa = PBXBuildFile; fileRef = 1AAE3976E02954E212D46BD4 /* SearchItem.swift */; };
		CFB5FFD7B8B6D26BD966878F /* EpisodeLink.swift in Sources */ = {isa = PBXBuildFile; fileRef = 1F30DA63DC7CE67CF8EB5D8A /* EpisodeLink.swift */; };
		D0E5AFA00D4E6868A52A1123 /* JSEngine+Streams.swift in Sources */ = {isa = PBXBuildFile; fileRef = 51053A55A3C1D2682EB7719D /* JSEngine+Streams.swift */; };
		D16E18BD46A2A5ABA035EFF3 /* HomeViewModel.swift in Sources */ = {isa = PBXBuildFile; fileRef = 8DB2ACC14C82E1EC1E47DC2E /* HomeViewModel.swift */; };
		E2A6544D9407734FABCFD57D /* SearchView.swift in Sources */ = {isa = PBXBuildFile; fileRef = ECEA5105668982AD0021041F /* SearchView.swift */; };
		EA5B1C17081C02D59196F61C /* ModuleListView.swift in Sources */ = {isa = PBXBuildFile; fileRef = 330313A7F7AB1EF362097130 /* ModuleListView.swift */; };
		EADD7BDDF8A641980A2CFE35 /* WatchHistoryService.swift in Sources */ = {isa = PBXBuildFile; fileRef = 6DDFD568A3E8F21EA674244C /* WatchHistoryService.swift */; };
		F971C44DD8C1F3918A3CE985 /* StreamPickerView.swift in Sources */ = {isa = PBXBuildFile; fileRef = 520D2B9F954BF05330758E81 /* StreamPickerView.swift */; };
		F9E24C2C4FF74E1EAC5BFD9B /* NetworkFetch.swift in Sources */ = {isa = PBXBuildFile; fileRef = 5E45F91C732C2601421713C8 /* NetworkFetch.swift */; };
		FAFF9AA00DEB80103E5C7F76 /* WebKit.framework in Frameworks */ = {isa = PBXBuildFile; fileRef = 1B3B8F080E9AF4E269AEC3DA /* WebKit.framework */; };
		FEA73D829CE9CD5C2259248F /* JSEngine+Details.swift in Sources */ = {isa = PBXBuildFile; fileRef = 3ECAACC04670C75AE2C8303A /* JSEngine+Details.swift */; };
		FFEA54B867C75F75B46DD67F /* StreamResult.swift in Sources */ = {isa = PBXBuildFile; fileRef = B6B720E10D4EE0F2136F17C3 /* StreamResult.swift */; };
/* End PBXBuildFile section */

/* Begin PBXFileReference section */
		11D0E50598C525B8540DE986 /* ModuleStreamPickerView.swift */ = {isa = PBXFileReference; lastKnownFileType = sourcecode.swift; path = ModuleStreamPickerView.swift; sourceTree = "<group>"; };
		142A89C12F58E5FD008652D9 /* PlayerPresenter.swift */ = {isa = PBXFileReference; lastKnownFileType = sourcecode.swift; path = PlayerPresenter.swift; sourceTree = "<group>"; };
		142A89C42F58E804008652D9 /* ViewTracker.swift */ = {isa = PBXFileReference; lastKnownFileType = sourcecode.swift; path = ViewTracker.swift; sourceTree = "<group>"; };
		1AAE3976E02954E212D46BD4 /* SearchItem.swift */ = {isa = PBXFileReference; lastKnownFileType = sourcecode.swift; path = SearchItem.swift; sourceTree = "<group>"; };
		1B3B8F080E9AF4E269AEC3DA /* WebKit.framework */ = {isa = PBXFileReference; lastKnownFileType = wrapper.framework; name = WebKit.framework; path = System/Library/Frameworks/WebKit.framework; sourceTree = SDKROOT; };
		1F30DA63DC7CE67CF8EB5D8A /* EpisodeLink.swift */ = {isa = PBXFileReference; lastKnownFileType = sourcecode.swift; path = EpisodeLink.swift; sourceTree = "<group>"; };
		2B9D9A88BECF75FEF1BA4E1D /* ModuleJSRunner.swift */ = {isa = PBXFileReference; lastKnownFileType = sourcecode.swift; path = ModuleJSRunner.swift; sourceTree = "<group>"; };
		330313A7F7AB1EF362097130 /* ModuleListView.swift */ = {isa = PBXFileReference; lastKnownFileType = sourcecode.swift; path = ModuleListView.swift; sourceTree = "<group>"; };
		3ECAACC04670C75AE2C8303A /* JSEngine+Details.swift */ = {isa = PBXFileReference; lastKnownFileType = sourcecode.swift; path = "JSEngine+Details.swift"; sourceTree = "<group>"; };
		41894B1527B61C1E6E98EFA5 /* Info.plist */ = {isa = PBXFileReference; lastKnownFileType = text.plist; path = Info.plist; sourceTree = "<group>"; };
		4BE8F22DF8EF4BBAC15BAB79 /* ShiroxApp.swift */ = {isa = PBXFileReference; lastKnownFileType = sourcecode.swift; path = ShiroxApp.swift; sourceTree = "<group>"; };
		4C8891C8EC305651E62AC138 /* Shirox.app */ = {isa = PBXFileReference; explicitFileType = wrapper.application; includeInIndex = 0; path = Shirox.app; sourceTree = BUILT_PRODUCTS_DIR; };
		51053A55A3C1D2682EB7719D /* JSEngine+Streams.swift */ = {isa = PBXFileReference; lastKnownFileType = sourcecode.swift; path = "JSEngine+Streams.swift"; sourceTree = "<group>"; };
		520D2B9F954BF05330758E81 /* StreamPickerView.swift */ = {isa = PBXFileReference; lastKnownFileType = sourcecode.swift; path = StreamPickerView.swift; sourceTree = "<group>"; };
		5C20E69AFCB9F0507E969ECF /* AniListMedia.swift */ = {isa = PBXFileReference; lastKnownFileType = sourcecode.swift; path = AniListMedia.swift; sourceTree = "<group>"; };
		5E45F91C732C2601421713C8 /* NetworkFetch.swift */ = {isa = PBXFileReference; lastKnownFileType = sourcecode.swift; path = NetworkFetch.swift; sourceTree = "<group>"; };
		6DDFD568A3E8F21EA674244C /* WatchHistoryService.swift */ = {isa = PBXFileReference; lastKnownFileType = sourcecode.swift; path = WatchHistoryService.swift; sourceTree = "<group>"; };
		8DB2ACC14C82E1EC1E47DC2E /* HomeViewModel.swift */ = {isa = PBXFileReference; lastKnownFileType = sourcecode.swift; path = HomeViewModel.swift; sourceTree = "<group>"; };
		A60FE2CBD595A40B9E50E4D1 /* JSEngine+Search.swift */ = {isa = PBXFileReference; lastKnownFileType = sourcecode.swift; path = "JSEngine+Search.swift"; sourceTree = "<group>"; };
		AB7865FCF14B6C0E49BCD85B /* AniListDetailView.swift */ = {isa = PBXFileReference; lastKnownFileType = sourcecode.swift; path = AniListDetailView.swift; sourceTree = "<group>"; };
		AE72458EFA629F4C7C996AA9 /* JavaScriptCore.framework */ = {isa = PBXFileReference; lastKnownFileType = wrapper.framework; name = JavaScriptCore.framework; path = System/Library/Frameworks/JavaScriptCore.framework; sourceTree = SDKROOT; };
		B371AE47E8FD36A0C11174AC /* DetailView.swift */ = {isa = PBXFileReference; lastKnownFileType = sourcecode.swift; path = DetailView.swift; sourceTree = "<group>"; };
		B6B720E10D4EE0F2136F17C3 /* StreamResult.swift */ = {isa = PBXFileReference; lastKnownFileType = sourcecode.swift; path = StreamResult.swift; sourceTree = "<group>"; };
		BCAB52C5F226579CA37CC9E5 /* SearchViewModel.swift */ = {isa = PBXFileReference; lastKnownFileType = sourcecode.swift; path = SearchViewModel.swift; sourceTree = "<group>"; };
		BECC2087556541BAE47BDA6B /* DetailViewModel.swift */ = {isa = PBXFileReference; lastKnownFileType = sourcecode.swift; path = DetailViewModel.swift; sourceTree = "<group>"; };
		D63F1849AA2515C53BE08A22 /* AnimeCardView.swift */ = {isa = PBXFileReference; lastKnownFileType = sourcecode.swift; path = AnimeCardView.swift; sourceTree = "<group>"; };
		DAD914ABCC5C7C316F115FB6 /* EpisodeRowView.swift */ = {isa = PBXFileReference; lastKnownFileType = sourcecode.swift; path = EpisodeRowView.swift; sourceTree = "<group>"; };
		DB3FBB9F1A9B237743F4808C /* AniListService.swift */ = {isa = PBXFileReference; lastKnownFileType = sourcecode.swift; path = AniListService.swift; sourceTree = "<group>"; };
		DCADDEA3748C5AE8D3C1A3CD /* JSEngine.swift */ = {isa = PBXFileReference; lastKnownFileType = sourcecode.swift; path = JSEngine.swift; sourceTree = "<group>"; };
		E06843969693AE9C1AEB7FAD /* PlayerView.swift */ = {isa = PBXFileReference; lastKnownFileType = sourcecode.swift; path = PlayerView.swift; sourceTree = "<group>"; };
		E2B92A34FBA9ACC730D8F6D9 /* AniListDetailViewModel.swift */ = {isa = PBXFileReference; lastKnownFileType = sourcecode.swift; path = AniListDetailViewModel.swift; sourceTree = "<group>"; };
		E8D91E43B99205901655CDF0 /* Shirox.app */ = {isa = PBXFileReference; explicitFileType = wrapper.application; includeInIndex = 0; path = Shirox.app; sourceTree = BUILT_PRODUCTS_DIR; };
		EA29B2619FC97EF54B854F95 /* ModuleDefinition.swift */ = {isa = PBXFileReference; lastKnownFileType = sourcecode.swift; path = ModuleDefinition.swift; sourceTree = "<group>"; };
		ECEA5105668982AD0021041F /* SearchView.swift */ = {isa = PBXFileReference; lastKnownFileType = sourcecode.swift; path = SearchView.swift; sourceTree = "<group>"; };
		F6221F81B7112850281B7187 /* HomeView.swift */ = {isa = PBXFileReference; lastKnownFileType = sourcecode.swift; path = HomeView.swift; sourceTree = "<group>"; };
		F8CB72824DE1085225EDAB47 /* MediaDetail.swift */ = {isa = PBXFileReference; lastKnownFileType = sourcecode.swift; path = MediaDetail.swift; sourceTree = "<group>"; };
		FA54E15EA936A28D42B73886 /* ModuleManager.swift */ = {isa = PBXFileReference; lastKnownFileType = sourcecode.swift; path = ModuleManager.swift; sourceTree = "<group>"; };
		FD942143248855B7D74F9E0C /* SettingsView.swift */ = {isa = PBXFileReference; lastKnownFileType = sourcecode.swift; path = SettingsView.swift; sourceTree = "<group>"; };
/* End PBXFileReference section */

/* Begin PBXFrameworksBuildPhase section */
		0B60FF2F5B0AA8ED83325928 /* Frameworks */ = {
			isa = PBXFrameworksBuildPhase;
			buildActionMask = 2147483647;
			files = (
				7C3F1DFEF54BF11BDDA8626B /* JavaScriptCore.framework in Frameworks */,
				FAFF9AA00DEB80103E5C7F76 /* WebKit.framework in Frameworks */,
			);
			runOnlyForDeploymentPostprocessing = 0;
		};
		896FE0E84327FF272C55EBF6 /* Frameworks */ = {
			isa = PBXFrameworksBuildPhase;
			buildActionMask = 2147483647;
			files = (
				42F7F6A06C1039A0472932B8 /* JavaScriptCore.framework in Frameworks */,
				0FB47691410BFA732D132352 /* WebKit.framework in Frameworks */,
			);
			runOnlyForDeploymentPostprocessing = 0;
		};
/* End PBXFrameworksBuildPhase section */

/* Begin PBXGroup section */
		001361E1E34759C14A461D84 /* Views */ = {
			isa = PBXGroup;
			children = (
				142A89C42F58E804008652D9 /* ViewTracker.swift */,
				AB7865FCF14B6C0E49BCD85B /* AniListDetailView.swift */,
				D63F1849AA2515C53BE08A22 /* AnimeCardView.swift */,
				B371AE47E8FD36A0C11174AC /* DetailView.swift */,
				DAD914ABCC5C7C316F115FB6 /* EpisodeRowView.swift */,
				F6221F81B7112850281B7187 /* HomeView.swift */,
				330313A7F7AB1EF362097130 /* ModuleListView.swift */,
				11D0E50598C525B8540DE986 /* ModuleStreamPickerView.swift */,
				E06843969693AE9C1AEB7FAD /* PlayerView.swift */,
				ECEA5105668982AD0021041F /* SearchView.swift */,
				FD942143248855B7D74F9E0C /* SettingsView.swift */,
				520D2B9F954BF05330758E81 /* StreamPickerView.swift */,
			);
			path = Views;
			sourceTree = "<group>";
		};
		0E44B107A7072B8B23CC975A = {
			isa = PBXGroup;
			children = (
				19F8272266C7C7D79BDAB093 /* Shirox */,
				72DBC967D4D99D6643034FF4 /* Frameworks */,
				73D712B4138A3740575F996E /* Products */,
			);
			sourceTree = "<group>";
		};
		19F8272266C7C7D79BDAB093 /* Shirox */ = {
			isa = PBXGroup;
			children = (
				41894B1527B61C1E6E98EFA5 /* Info.plist */,
				4BE8F22DF8EF4BBAC15BAB79 /* ShiroxApp.swift */,
				6346CE798736A014D032063D /* Models */,
				265C6164ACC898EE12E32F48 /* Services */,
				F1FFDC19D8C12F84DFB49FBB /* ViewModels */,
				001361E1E34759C14A461D84 /* Views */,
			);
			path = Shirox;
			sourceTree = "<group>";
		};
		265C6164ACC898EE12E32F48 /* Services */ = {
			isa = PBXGroup;
			children = (
				142A89C12F58E5FD008652D9 /* PlayerPresenter.swift */,
				DB3FBB9F1A9B237743F4808C /* AniListService.swift */,
				DCADDEA3748C5AE8D3C1A3CD /* JSEngine.swift */,
				3ECAACC04670C75AE2C8303A /* JSEngine+Details.swift */,
				A60FE2CBD595A40B9E50E4D1 /* JSEngine+Search.swift */,
				51053A55A3C1D2682EB7719D /* JSEngine+Streams.swift */,
				2B9D9A88BECF75FEF1BA4E1D /* ModuleJSRunner.swift */,
				FA54E15EA936A28D42B73886 /* ModuleManager.swift */,
				5E45F91C732C2601421713C8 /* NetworkFetch.swift */,
				6DDFD568A3E8F21EA674244C /* WatchHistoryService.swift */,
			);
			path = Services;
			sourceTree = "<group>";
		};
		6346CE798736A014D032063D /* Models */ = {
			isa = PBXGroup;
			children = (
				5C20E69AFCB9F0507E969ECF /* AniListMedia.swift */,
				1F30DA63DC7CE67CF8EB5D8A /* EpisodeLink.swift */,
				F8CB72824DE1085225EDAB47 /* MediaDetail.swift */,
				EA29B2619FC97EF54B854F95 /* ModuleDefinition.swift */,
				1AAE3976E02954E212D46BD4 /* SearchItem.swift */,
				B6B720E10D4EE0F2136F17C3 /* StreamResult.swift */,
			);
			path = Models;
			sourceTree = "<group>";
		};
		72DBC967D4D99D6643034FF4 /* Frameworks */ = {
			isa = PBXGroup;
			children = (
				AE72458EFA629F4C7C996AA9 /* JavaScriptCore.framework */,
				1B3B8F080E9AF4E269AEC3DA /* WebKit.framework */,
			);
			name = Frameworks;
			sourceTree = "<group>";
		};
		73D712B4138A3740575F996E /* Products */ = {
			isa = PBXGroup;
			children = (
				E8D91E43B99205901655CDF0 /* Shirox.app */,
				4C8891C8EC305651E62AC138 /* Shirox.app */,
			);
			name = Products;
			sourceTree = "<group>";
		};
		F1FFDC19D8C12F84DFB49FBB /* ViewModels */ = {
			isa = PBXGroup;
			children = (
				E2B92A34FBA9ACC730D8F6D9 /* AniListDetailViewModel.swift */,
				BECC2087556541BAE47BDA6B /* DetailViewModel.swift */,
				8DB2ACC14C82E1EC1E47DC2E /* HomeViewModel.swift */,
				BCAB52C5F226579CA37CC9E5 /* SearchViewModel.swift */,
			);
			path = ViewModels;
			sourceTree = "<group>";
		};
/* End PBXGroup section */

/* Begin PBXNativeTarget section */
		2A0E51843C9C485FFE7846CE /* Shirox_iOS */ = {
			isa = PBXNativeTarget;
			buildConfigurationList = E281F590D0056E68BB2F08EC /* Build configuration list for PBXNativeTarget "Shirox_iOS" */;
			buildPhases = (
				95DE5ABBF64ACBFE36B79FBD /* Sources */,
				896FE0E84327FF272C55EBF6 /* Frameworks */,
			);
			buildRules = (
			);
			dependencies = (
			);
			name = Shirox_iOS;
			packageProductDependencies = (
			);
			productName = Shirox_iOS;
			productReference = E8D91E43B99205901655CDF0 /* Shirox.app */;
			productType = "com.apple.product-type.application";
		};
		645C7C157C53E9B9F699AAEB /* Shirox_macOS */ = {
			isa = PBXNativeTarget;
			buildConfigurationList = 7BCD640A953EDDB8BB1464DE /* Build configuration list for PBXNativeTarget "Shirox_macOS" */;
			buildPhases = (
				71E452E51715804C32DE8FF0 /* Sources */,
				0B60FF2F5B0AA8ED83325928 /* Frameworks */,
			);
			buildRules = (
			);
			dependencies = (
			);
			name = Shirox_macOS;
			packageProductDependencies = (
			);
			productName = Shirox_macOS;
			productReference = 4C8891C8EC305651E62AC138 /* Shirox.app */;
			productType = "com.apple.product-type.application";
		};
/* End PBXNativeTarget section */

/* Begin PBXProject section */
		8973251F34F3772E8FEE37EB /* Project object */ = {
			isa = PBXProject;
			attributes = {
				BuildIndependentTargetsInParallel = YES;
				LastUpgradeCheck = 2620;
				TargetAttributes = {
					2A0E51843C9C485FFE7846CE = {
						DevelopmentTeam = JRMTH65Z3H;
						ProvisioningStyle = Automatic;
					};
					645C7C157C53E9B9F699AAEB = {
						DevelopmentTeam = JRMTH65Z3H;
						ProvisioningStyle = Automatic;
					};
				};
			};
			buildConfigurationList = 7F682BEAC5FA731FCD77A918 /* Build configuration list for PBXProject "Shirox" */;
			compatibilityVersion = "Xcode 14.0";
			developmentRegion = en;
			hasScannedForEncodings = 0;
			knownRegions = (
				Base,
				en,
			);
			mainGroup = 0E44B107A7072B8B23CC975A;
			minimizedProjectReferenceProxies = 1;
			projectDirPath = "";
			projectRoot = "";
			targets = (
				2A0E51843C9C485FFE7846CE /* Shirox_iOS */,
				645C7C157C53E9B9F699AAEB /* Shirox_macOS */,
			);
		};
/* End PBXProject section */

/* Begin PBXSourcesBuildPhase section */
		71E452E51715804C32DE8FF0 /* Sources */ = {
			isa = PBXSourcesBuildPhase;
			buildActionMask = 2147483647;
			files = (
				8E5003841CB34482F512397F /* AniListDetailView.swift in Sources */,
				C513DCB66EC4AFC34A15DC7A /* AniListDetailViewModel.swift in Sources */,
				74CB23F311172ABF289DF6C9 /* AniListMedia.swift in Sources */,
				419A25AE550EADF6C60CAD54 /* AniListService.swift in Sources */,
				6C75440BE5D5D05958C787F3 /* AnimeCardView.swift in Sources */,
				560ADBEE0B8BD13AFAA90C87 /* DetailView.swift in Sources */,
				8A891D06446859BCA18DE02D /* DetailViewModel.swift in Sources */,
				B85FDAB9BAB5CFDC3F324ACD /* EpisodeLink.swift in Sources */,
				A1E602432C0FC58B8153A293 /* EpisodeRowView.swift in Sources */,
				2A4F95AA748C6FBA4F0588B4 /* HomeView.swift in Sources */,
				D16E18BD46A2A5ABA035EFF3 /* HomeViewModel.swift in Sources */,
				FEA73D829CE9CD5C2259248F /* JSEngine+Details.swift in Sources */,
				67F0294BF90E22B5A4159858 /* JSEngine+Search.swift in Sources */,
				D0E5AFA00D4E6868A52A1123 /* JSEngine+Streams.swift in Sources */,
				2994A7DB305F2731C61A4517 /* JSEngine.swift in Sources */,
				4493DEED2FF59CD2305E8C24 /* MediaDetail.swift in Sources */,
				1449CB46B17A410B7616549A /* ModuleDefinition.swift in Sources */,
				B28F4CA7C301FB3448693046 /* ModuleJSRunner.swift in Sources */,
				142A89C52F58E805008652D9 /* ViewTracker.swift in Sources */,
				EA5B1C17081C02D59196F61C /* ModuleListView.swift in Sources */,
				72D5458BF7DD94A53658F64C /* ModuleManager.swift in Sources */,
				AB025E2E3D6CA162A38BD43F /* ModuleStreamPickerView.swift in Sources */,
				142A89C32F58E5FF008652D9 /* PlayerPresenter.swift in Sources */,
				B99023D82F7EC2073FD1C7F7 /* NetworkFetch.swift in Sources */,
				960B593459A5612AC1C6F74F /* PlayerView.swift in Sources */,
				7E512B73EA8CD52B6DFA09E5 /* SearchItem.swift in Sources */,
				09B5F413C233D0F110C48072 /* SearchView.swift in Sources */,
				612C76CB315699C454ADD9D2 /* SearchViewModel.swift in Sources */,
				517F61497474FDEB8E08BE5F /* SettingsView.swift in Sources */,
				2FFDB0F7AE21B9B527B83D18 /* ShiroxApp.swift in Sources */,
				5E26E175DA01C9A81ADEDDCB /* StreamPickerView.swift in Sources */,
				FFEA54B867C75F75B46DD67F /* StreamResult.swift in Sources */,
				1C2F1DA4C30DB8F46405C768 /* WatchHistoryService.swift in Sources */,
			);
			runOnlyForDeploymentPostprocessing = 0;
		};
		95DE5ABBF64ACBFE36B79FBD /* Sources */ = {
			isa = PBXSourcesBuildPhase;
			buildActionMask = 2147483647;
			files = (
				73B80E5040D0A922F30FB7A3 /* AniListDetailView.swift in Sources */,
				CA620998EF1BCA1D9C95B49D /* AniListDetailViewModel.swift in Sources */,
				98E4E3D464F1A4DE50AC481A /* AniListMedia.swift in Sources */,
				25718B355004C8AD7E4A215E /* AniListService.swift in Sources */,
				146793D866B95C4614279637 /* AnimeCardView.swift in Sources */,
				57EC018A87A2DE22C33C68D7 /* DetailView.swift in Sources */,
				40CA15D522C1854DE2EA9AD0 /* DetailViewModel.swift in Sources */,
				CFB5FFD7B8B6D26BD966878F /* EpisodeLink.swift in Sources */,
				98852BFD78A83988AFF68779 /* EpisodeRowView.swift in Sources */,
				2C08AFC8C016FE747B190007 /* HomeView.swift in Sources */,
				774768138A152205B09117E5 /* HomeViewModel.swift in Sources */,
				314FD577C195D0A4F21EE78C /* JSEngine+Details.swift in Sources */,
				14D95DE7E0629E2595DDD83C /* JSEngine+Search.swift in Sources */,
				1E7F1EA26D78D5F7FDF3B6DD /* JSEngine+Streams.swift in Sources */,
				222F85E214054D8A05316CF9 /* JSEngine.swift in Sources */,
				55F0A40B8288754294E38A3C /* MediaDetail.swift in Sources */,
				96B679F7105E86678D0C9EBB /* ModuleDefinition.swift in Sources */,
				6575523DFDCACFBDAC885524 /* ModuleJSRunner.swift in Sources */,
				142A89C62F58E805008652D9 /* ViewTracker.swift in Sources */,
				2655381CCFCFAC0158241F3C /* ModuleListView.swift in Sources */,
				959D35AAA4791E5B4B9DB7D3 /* ModuleManager.swift in Sources */,
				AD77ACB8F3145563F32E6E40 /* ModuleStreamPickerView.swift in Sources */,
				142A89C22F58E5FF008652D9 /* PlayerPresenter.swift in Sources */,
				F9E24C2C4FF74E1EAC5BFD9B /* NetworkFetch.swift in Sources */,
				3FC9AA112431E36A46BF336D /* PlayerView.swift in Sources */,
				CC14EF9C84C3E8BE5456C77D /* SearchItem.swift in Sources */,
				E2A6544D9407734FABCFD57D /* SearchView.swift in Sources */,
				19E7B08A32AAA6CC5F5A91B7 /* SearchViewModel.swift in Sources */,
				AFD909B8E23B2E6F048F0869 /* SettingsView.swift in Sources */,
				3A42CE0D50F5B4711F556C97 /* ShiroxApp.swift in Sources */,
				F971C44DD8C1F3918A3CE985 /* StreamPickerView.swift in Sources */,
				25CE71961C1EBBEE80BEDB25 /* StreamResult.swift in Sources */,
				EADD7BDDF8A641980A2CFE35 /* WatchHistoryService.swift in Sources */,
			);
			runOnlyForDeploymentPostprocessing = 0;
		};
/* End PBXSourcesBuildPhase section */

/* Begin XCBuildConfiguration section */
		324FD2C6DEB3B54F600A6931 /* Debug */ = {
			isa = XCBuildConfiguration;
			buildSettings = {
				ALWAYS_SEARCH_USER_PATHS = NO;
				CLANG_ANALYZER_NONNULL = YES;
				CLANG_ANALYZER_NUMBER_OBJECT_CONVERSION = YES_AGGRESSIVE;
				CLANG_CXX_LANGUAGE_STANDARD = "gnu++14";
				CLANG_CXX_LIBRARY = "libc++";
				CLANG_ENABLE_MODULES = YES;
				CLANG_ENABLE_OBJC_ARC = YES;
				CLANG_ENABLE_OBJC_WEAK = YES;
				CLANG_WARN_BLOCK_CAPTURE_AUTORELEASING = YES;
				CLANG_WARN_BOOL_CONVERSION = YES;
				CLANG_WARN_COMMA = YES;
				CLANG_WARN_CONSTANT_CONVERSION = YES;
				CLANG_WARN_DEPRECATED_OBJC_IMPLEMENTATIONS = YES;
				CLANG_WARN_DIRECT_OBJC_ISA_USAGE = YES_ERROR;
				CLANG_WARN_DOCUMENTATION_COMMENTS = YES;
				CLANG_WARN_EMPTY_BODY = YES;
				CLANG_WARN_ENUM_CONVERSION = YES;
				CLANG_WARN_INFINITE_RECURSION = YES;
				CLANG_WARN_INT_CONVERSION = YES;
				CLANG_WARN_NON_LITERAL_NULL_CONVERSION = YES;
				CLANG_WARN_OBJC_IMPLICIT_RETAIN_SELF = YES;
				CLANG_WARN_OBJC_LITERAL_CONVERSION = YES;
				CLANG_WARN_OBJC_ROOT_CLASS = YES_ERROR;
				CLANG_WARN_QUOTED_INCLUDE_IN_FRAMEWORK_HEADER = YES;
				CLANG_WARN_RANGE_LOOP_ANALYSIS = YES;
				CLANG_WARN_STRICT_PROTOTYPES = YES;
				CLANG_WARN_SUSPICIOUS_MOVE = YES;
				CLANG_WARN_UNGUARDED_AVAILABILITY = YES_AGGRESSIVE;
				CLANG_WARN_UNREACHABLE_CODE = YES;
				CLANG_WARN__DUPLICATE_METHOD_MATCH = YES;
				COPY_PHASE_STRIP = NO;
				DEAD_CODE_STRIPPING = YES;
				DEBUG_INFORMATION_FORMAT = dwarf;
				DEVELOPMENT_TEAM = JRMTH65Z3H;
				ENABLE_STRICT_OBJC_MSGSEND = YES;
				ENABLE_TESTABILITY = YES;
				ENABLE_USER_SCRIPT_SANDBOXING = YES;
				GCC_C_LANGUAGE_STANDARD = gnu11;
				GCC_DYNAMIC_NO_PIC = NO;
				GCC_NO_COMMON_BLOCKS = YES;
				GCC_OPTIMIZATION_LEVEL = 0;
				GCC_PREPROCESSOR_DEFINITIONS = (
					"$(inherited)",
					"DEBUG=1",
				);
				GCC_WARN_64_TO_32_BIT_CONVERSION = YES;
				GCC_WARN_ABOUT_RETURN_TYPE = YES_ERROR;
				GCC_WARN_UNDECLARED_SELECTOR = YES;
				GCC_WARN_UNINITIALIZED_AUTOS = YES_AGGRESSIVE;
				GCC_WARN_UNUSED_FUNCTION = YES;
				GCC_WARN_UNUSED_VARIABLE = YES;
				IPHONEOS_DEPLOYMENT_TARGET = 17.0;
				MACOSX_DEPLOYMENT_TARGET = 14.0;
				MTL_ENABLE_DEBUG_INFO = INCLUDE_SOURCE;
				MTL_FAST_MATH = YES;
				ONLY_ACTIVE_ARCH = YES;
				PRODUCT_NAME = "$(TARGET_NAME)";
				STRING_CATALOG_GENERATE_SYMBOLS = YES;
				SWIFT_ACTIVE_COMPILATION_CONDITIONS = DEBUG;
				SWIFT_OPTIMIZATION_LEVEL = "-Onone";
				SWIFT_VERSION = 5.0;
			};
			name = Debug;
		};
		3820A88AF0A87AC8822E162B /* Debug */ = {
			isa = XCBuildConfiguration;
			buildSettings = {
				ASSETCATALOG_COMPILER_APPICON_NAME = AppIcon;
				CODE_SIGN_IDENTITY = "iPhone Developer";
				CODE_SIGN_STYLE = Automatic;
				CURRENT_PROJECT_VERSION = 1;
				INFOPLIST_FILE = Shirox/Info.plist;
				LD_RUNPATH_SEARCH_PATHS = (
					"$(inherited)",
					"@executable_path/Frameworks",
				);
				MARKETING_VERSION = 1.0;
				PRODUCT_BUNDLE_IDENTIFIER = com.shirox.app;
				PRODUCT_NAME = Shirox;
				SDKROOT = iphoneos;
				SUPPORTS_MACCATALYST = NO;
				SUPPORTS_MAC_DESIGNED_FOR_IPHONE_IPAD = NO;
				SWIFT_VERSION = 5.9;
				TARGETED_DEVICE_FAMILY = "1,2";
			};
			name = Debug;
		};
		4E9229C27A951422A31C75A9 /* Debug */ = {
			isa = XCBuildConfiguration;
			buildSettings = {
				ASSETCATALOG_COMPILER_APPICON_NAME = AppIcon;
				CODE_SIGN_STYLE = Automatic;
				COMBINE_HIDPI_IMAGES = YES;
				CURRENT_PROJECT_VERSION = 1;
				DEAD_CODE_STRIPPING = YES;
				INFOPLIST_FILE = Shirox/Info.plist;
				LD_RUNPATH_SEARCH_PATHS = (
					"$(inherited)",
					"@executable_path/../Frameworks",
				);
				MARKETING_VERSION = 1.0;
				PRODUCT_BUNDLE_IDENTIFIER = com.shirox.app;
				PRODUCT_NAME = Shirox;
				SDKROOT = macosx;
				SUPPORTS_MACCATALYST = NO;
				SUPPORTS_MAC_DESIGNED_FOR_IPHONE_IPAD = NO;
				SWIFT_VERSION = 5.9;
			};
			name = Debug;
		};
		5E93568FEF6A44AEF1E1ABE4 /* Release */ = {
			isa = XCBuildConfiguration;
			buildSettings = {
				ASSETCATALOG_COMPILER_APPICON_NAME = AppIcon;
				CODE_SIGN_IDENTITY = "iPhone Developer";
				CODE_SIGN_STYLE = Automatic;
				CURRENT_PROJECT_VERSION = 1;
				INFOPLIST_FILE = Shirox/Info.plist;
				LD_RUNPATH_SEARCH_PATHS = (
					"$(inherited)",
					"@executable_path/Frameworks",
				);
				MARKETING_VERSION = 1.0;
				PRODUCT_BUNDLE_IDENTIFIER = com.shirox.app;
				PRODUCT_NAME = Shirox;
				SDKROOT = iphoneos;
				SUPPORTS_MACCATALYST = NO;
				SUPPORTS_MAC_DESIGNED_FOR_IPHONE_IPAD = NO;
				SWIFT_VERSION = 5.9;
				TARGETED_DEVICE_FAMILY = "1,2";
			};
			name = Release;
		};
		96216C00C3E2DF7BD59FD348 /* Release */ = {
			isa = XCBuildConfiguration;
			buildSettings = {
				ALWAYS_SEARCH_USER_PATHS = NO;
				CLANG_ANALYZER_NONNULL = YES;
				CLANG_ANALYZER_NUMBER_OBJECT_CONVERSION = YES_AGGRESSIVE;
				CLANG_CXX_LANGUAGE_STANDARD = "gnu++14";
				CLANG_CXX_LIBRARY = "libc++";
				CLANG_ENABLE_MODULES = YES;
				CLANG_ENABLE_OBJC_ARC = YES;
				CLANG_ENABLE_OBJC_WEAK = YES;
				CLANG_WARN_BLOCK_CAPTURE_AUTORELEASING = YES;
				CLANG_WARN_BOOL_CONVERSION = YES;
				CLANG_WARN_COMMA = YES;
				CLANG_WARN_CONSTANT_CONVERSION = YES;
				CLANG_WARN_DEPRECATED_OBJC_IMPLEMENTATIONS = YES;
				CLANG_WARN_DIRECT_OBJC_ISA_USAGE = YES_ERROR;
				CLANG_WARN_DOCUMENTATION_COMMENTS = YES;
				CLANG_WARN_EMPTY_BODY = YES;
				CLANG_WARN_ENUM_CONVERSION = YES;
				CLANG_WARN_INFINITE_RECURSION = YES;
				CLANG_WARN_INT_CONVERSION = YES;
				CLANG_WARN_NON_LITERAL_NULL_CONVERSION = YES;
				CLANG_WARN_OBJC_IMPLICIT_RETAIN_SELF = YES;
				CLANG_WARN_OBJC_LITERAL_CONVERSION = YES;
				CLANG_WARN_OBJC_ROOT_CLASS = YES_ERROR;
				CLANG_WARN_QUOTED_INCLUDE_IN_FRAMEWORK_HEADER = YES;
				CLANG_WARN_RANGE_LOOP_ANALYSIS = YES;
				CLANG_WARN_STRICT_PROTOTYPES = YES;
				CLANG_WARN_SUSPICIOUS_MOVE = YES;
				CLANG_WARN_UNGUARDED_AVAILABILITY = YES_AGGRESSIVE;
				CLANG_WARN_UNREACHABLE_CODE = YES;
				CLANG_WARN__DUPLICATE_METHOD_MATCH = YES;
				COPY_PHASE_STRIP = NO;
				DEAD_CODE_STRIPPING = YES;
				DEBUG_INFORMATION_FORMAT = "dwarf-with-dsym";
				DEVELOPMENT_TEAM = JRMTH65Z3H;
				ENABLE_NS_ASSERTIONS = NO;
				ENABLE_STRICT_OBJC_MSGSEND = YES;
				ENABLE_USER_SCRIPT_SANDBOXING = YES;
				GCC_C_LANGUAGE_STANDARD = gnu11;
				GCC_NO_COMMON_BLOCKS = YES;
				GCC_WARN_64_TO_32_BIT_CONVERSION = YES;
				GCC_WARN_ABOUT_RETURN_TYPE = YES_ERROR;
				GCC_WARN_UNDECLARED_SELECTOR = YES;
				GCC_WARN_UNINITIALIZED_AUTOS = YES_AGGRESSIVE;
				GCC_WARN_UNUSED_FUNCTION = YES;
				GCC_WARN_UNUSED_VARIABLE = YES;
				IPHONEOS_DEPLOYMENT_TARGET = 17.0;
				MACOSX_DEPLOYMENT_TARGET = 14.0;
				MTL_ENABLE_DEBUG_INFO = NO;
				MTL_FAST_MATH = YES;
				PRODUCT_NAME = "$(TARGET_NAME)";
				STRING_CATALOG_GENERATE_SYMBOLS = YES;
				SWIFT_COMPILATION_MODE = wholemodule;
				SWIFT_OPTIMIZATION_LEVEL = "-O";
				SWIFT_VERSION = 5.0;
			};
			name = Release;
		};
		CC7181A7C48C1B480151ED9A /* Release */ = {
			isa = XCBuildConfiguration;
			buildSettings = {
				ASSETCATALOG_COMPILER_APPICON_NAME = AppIcon;
				CODE_SIGN_STYLE = Automatic;
				COMBINE_HIDPI_IMAGES = YES;
				CURRENT_PROJECT_VERSION = 1;
				DEAD_CODE_STRIPPING = YES;
				INFOPLIST_FILE = Shirox/Info.plist;
				LD_RUNPATH_SEARCH_PATHS = (
					"$(inherited)",
					"@executable_path/../Frameworks",
				);
				MARKETING_VERSION = 1.0;
				PRODUCT_BUNDLE_IDENTIFIER = com.shirox.app;
				PRODUCT_NAME = Shirox;
				SDKROOT = macosx;
				SUPPORTS_MACCATALYST = NO;
				SUPPORTS_MAC_DESIGNED_FOR_IPHONE_IPAD = NO;
				SWIFT_VERSION = 5.9;
			};
			name = Release;
		};
/* End XCBuildConfiguration section */

/* Begin XCConfigurationList section */
		7BCD640A953EDDB8BB1464DE /* Build configuration list for PBXNativeTarget "Shirox_macOS" */ = {
			isa = XCConfigurationList;
			buildConfigurations = (
				4E9229C27A951422A31C75A9 /* Debug */,
				CC7181A7C48C1B480151ED9A /* Release */,
			);
			defaultConfigurationIsVisible = 0;
			defaultConfigurationName = Debug;
		};
		7F682BEAC5FA731FCD77A918 /* Build configuration list for PBXProject "Shirox" */ = {
			isa = XCConfigurationList;
			buildConfigurations = (
				324FD2C6DEB3B54F600A6931 /* Debug */,
				96216C00C3E2DF7BD59FD348 /* Release */,
			);
			defaultConfigurationIsVisible = 0;
			defaultConfigurationName = Debug;
		};
		E281F590D0056E68BB2F08EC /* Build configuration list for PBXNativeTarget "Shirox_iOS" */ = {
			isa = XCConfigurationList;
			buildConfigurations = (
				3820A88AF0A87AC8822E162B /* Debug */,
				5E93568FEF6A44AEF1E1ABE4 /* Release */,
			);
			defaultConfigurationIsVisible = 0;
			defaultConfigurationName = Debug;
		};
/* End XCConfigurationList section */
	};
	rootObject = 8973251F34F3772E8FEE37EB /* Project object */;
}
